// !$*UTF8*$!
{
	archiveVersion = 1;
	classes = {
	};
	objectVersion = 50;
	objects = {

/* Begin PBXBuildFile section */
		01061431FCCC5C21283E40E9 /* Pods_Dualogue_DualogueUITests.framework in Frameworks */ = {isa = PBXBuildFile; fileRef = 89CA4072D53558EC66316720 /* Pods_Dualogue_DualogueUITests.framework */; };
		790CB1D324B5D8F500481B32 /* UIImage.swift in Sources */ = {isa = PBXBuildFile; fileRef = 790CB1D224B5D8F500481B32 /* UIImage.swift */; };
		790CB1D524B5D9A300481B32 /* WipStore.swift in Sources */ = {isa = PBXBuildFile; fileRef = 790CB1D424B5D9A300481B32 /* WipStore.swift */; };
		790FADA8241909E300DC0C6D /* NoteStore.swift in Sources */ = {isa = PBXBuildFile; fileRef = 790FADA7241909E300DC0C6D /* NoteStore.swift */; };
		79326CDC24B7745F0004290F /* ContactSelector.swift in Sources */ = {isa = PBXBuildFile; fileRef = 79326CDB24B7745F0004290F /* ContactSelector.swift */; };
		7934F76E24B8B72F00846111 /* FilteredList.swift in Sources */ = {isa = PBXBuildFile; fileRef = 7934F76D24B8B72F00846111 /* FilteredList.swift */; };
		794B477823D9E540008A65DC /* AppDelegate.swift in Sources */ = {isa = PBXBuildFile; fileRef = 794B477723D9E540008A65DC /* AppDelegate.swift */; };
		794B477A23D9E540008A65DC /* SceneDelegate.swift in Sources */ = {isa = PBXBuildFile; fileRef = 794B477923D9E540008A65DC /* SceneDelegate.swift */; };
		794B477D23D9E540008A65DC /* Dualogue.xcdatamodeld in Sources */ = {isa = PBXBuildFile; fileRef = 794B477B23D9E540008A65DC /* Dualogue.xcdatamodeld */; };
		794B478123D9E549008A65DC /* Assets.xcassets in Resources */ = {isa = PBXBuildFile; fileRef = 794B478023D9E549008A65DC /* Assets.xcassets */; };
		794B478423D9E549008A65DC /* Preview Assets.xcassets in Resources */ = {isa = PBXBuildFile; fileRef = 794B478323D9E549008A65DC /* Preview Assets.xcassets */; };
		794B478723D9E549008A65DC /* LaunchScreen.storyboard in Resources */ = {isa = PBXBuildFile; fileRef = 794B478523D9E549008A65DC /* LaunchScreen.storyboard */; };
		794B479223D9E549008A65DC /* DualogueTests.swift in Sources */ = {isa = PBXBuildFile; fileRef = 794B479123D9E549008A65DC /* DualogueTests.swift */; };
		794B479D23D9E549008A65DC /* DualogueUITests.swift in Sources */ = {isa = PBXBuildFile; fileRef = 794B479C23D9E549008A65DC /* DualogueUITests.swift */; };
		7982ABF124ADF10E00A03AC1 /* SearchBar.swift in Sources */ = {isa = PBXBuildFile; fileRef = 7982ABD924ADF10E00A03AC1 /* SearchBar.swift */; };
		7982ABF224ADF10E00A03AC1 /* AvatarView.swift in Sources */ = {isa = PBXBuildFile; fileRef = 7982ABDA24ADF10E00A03AC1 /* AvatarView.swift */; };
		7982ABF324ADF10E00A03AC1 /* ColorSchemes.swift in Sources */ = {isa = PBXBuildFile; fileRef = 7982ABDB24ADF10E00A03AC1 /* ColorSchemes.swift */; };
		7982ABF424ADF10E00A03AC1 /* ContactsView.swift in Sources */ = {isa = PBXBuildFile; fileRef = 7982ABDD24ADF10E00A03AC1 /* ContactsView.swift */; };
		7982ABF524ADF10E00A03AC1 /* ContactCard.swift in Sources */ = {isa = PBXBuildFile; fileRef = 7982ABDE24ADF10E00A03AC1 /* ContactCard.swift */; };
		7982ABF624ADF10E00A03AC1 /* NewContactView.swift in Sources */ = {isa = PBXBuildFile; fileRef = 7982ABDF24ADF10E00A03AC1 /* NewContactView.swift */; };
		7982ABF824ADF10E00A03AC1 /* SingleContactTimeline.swift in Sources */ = {isa = PBXBuildFile; fileRef = 7982ABE124ADF10E00A03AC1 /* SingleContactTimeline.swift */; };
		7982ABF924ADF10E00A03AC1 /* SingleNoteView.swift in Sources */ = {isa = PBXBuildFile; fileRef = 7982ABE324ADF10E00A03AC1 /* SingleNoteView.swift */; };
		7982ABFB24ADF10E00A03AC1 /* NoteHeader.swift in Sources */ = {isa = PBXBuildFile; fileRef = 7982ABE524ADF10E00A03AC1 /* NoteHeader.swift */; };
		7982ABFC24ADF10E00A03AC1 /* NoteBodyText.swift in Sources */ = {isa = PBXBuildFile; fileRef = 7982ABE624ADF10E00A03AC1 /* NoteBodyText.swift */; };
		7982ABFD24ADF10E00A03AC1 /* Loading.swift in Sources */ = {isa = PBXBuildFile; fileRef = 7982ABE724ADF10E00A03AC1 /* Loading.swift */; };
		7982ABFE24ADF10E00A03AC1 /* NotelistView.swift in Sources */ = {isa = PBXBuildFile; fileRef = 7982ABE924ADF10E00A03AC1 /* NotelistView.swift */; };
		7982ABFF24ADF10E00A03AC1 /* NoteTimeline.swift in Sources */ = {isa = PBXBuildFile; fileRef = 7982ABEA24ADF10E00A03AC1 /* NoteTimeline.swift */; };
		7982AC0024ADF10E00A03AC1 /* FriendListScroll.swift in Sources */ = {isa = PBXBuildFile; fileRef = 7982ABEB24ADF10E00A03AC1 /* FriendListScroll.swift */; };
		7982AC0124ADF10E00A03AC1 /* TimelineItem.swift in Sources */ = {isa = PBXBuildFile; fileRef = 7982ABEC24ADF10E00A03AC1 /* TimelineItem.swift */; };
		7982AC0224ADF10E00A03AC1 /* MainTab.swift in Sources */ = {isa = PBXBuildFile; fileRef = 7982ABED24ADF10E00A03AC1 /* MainTab.swift */; };
		7982AC0324ADF10E00A03AC1 /* Date Extensions.swift in Sources */ = {isa = PBXBuildFile; fileRef = 7982ABEF24ADF10E00A03AC1 /* Date Extensions.swift */; };
		79A0215C24AF6F0E005E2E73 /* Caroussel.swift in Sources */ = {isa = PBXBuildFile; fileRef = 79A0215B24AF6F0E005E2E73 /* Caroussel.swift */; };
		79A66FC124B72A58006A2BCC /* SearchStorage.swift in Sources */ = {isa = PBXBuildFile; fileRef = 79A66FC024B72A58006A2BCC /* SearchStorage.swift */; };
		79A66FC324B73885006A2BCC /* NewNoteViewModel.swift in Sources */ = {isa = PBXBuildFile; fileRef = 79A66FC224B73884006A2BCC /* NewNoteViewModel.swift */; };
		79A66FC524B7444F006A2BCC /* ImagePicker.swift in Sources */ = {isa = PBXBuildFile; fileRef = 79A66FC424B7444F006A2BCC /* ImagePicker.swift */; };
		79C098C924AF3BC900B3894E /* ContactPicker.swift in Sources */ = {isa = PBXBuildFile; fileRef = 79C098C824AF3BC900B3894E /* ContactPicker.swift */; };
		79DACAA124B4C22E004658CA /* AddImageView.swift in Sources */ = {isa = PBXBuildFile; fileRef = 79DACAA024B4C22E004658CA /* AddImageView.swift */; };
		9324515CF7F4F6376A0E7359 /* Pods_DualogueTests.framework in Frameworks */ = {isa = PBXBuildFile; fileRef = A1DF55F17A18107AE7919730 /* Pods_DualogueTests.framework */; };
		FACAFD6761E71F045C77D298 /* Pods_Dualogue.framework in Frameworks */ = {isa = PBXBuildFile; fileRef = 3A089C414F00DC9A40B80145 /* Pods_Dualogue.framework */; };
/* End PBXBuildFile section */

/* Begin PBXContainerItemProxy section */
		794B478E23D9E549008A65DC /* PBXContainerItemProxy */ = {
			isa = PBXContainerItemProxy;
			containerPortal = 794B476C23D9E540008A65DC /* Project object */;
			proxyType = 1;
			remoteGlobalIDString = 794B477323D9E540008A65DC;
			remoteInfo = Dualogue;
		};
		794B479923D9E549008A65DC /* PBXContainerItemProxy */ = {
			isa = PBXContainerItemProxy;
			containerPortal = 794B476C23D9E540008A65DC /* Project object */;
			proxyType = 1;
			remoteGlobalIDString = 794B477323D9E540008A65DC;
			remoteInfo = Dualogue;
		};
/* End PBXContainerItemProxy section */

/* Begin PBXFileReference section */
		2838A9721254B7FD0D3CEB3E /* Pods-DualogueTests.debug.xcconfig */ = {isa = PBXFileReference; includeInIndex = 1; lastKnownFileType = text.xcconfig; name = "Pods-DualogueTests.debug.xcconfig"; path = "Target Support Files/Pods-DualogueTests/Pods-DualogueTests.debug.xcconfig"; sourceTree = "<group>"; };
		3A089C414F00DC9A40B80145 /* Pods_Dualogue.framework */ = {isa = PBXFileReference; explicitFileType = wrapper.framework; includeInIndex = 0; path = Pods_Dualogue.framework; sourceTree = BUILT_PRODUCTS_DIR; };
		790CB1D224B5D8F500481B32 /* UIImage.swift */ = {isa = PBXFileReference; lastKnownFileType = sourcecode.swift; path = UIImage.swift; sourceTree = "<group>"; };
		790CB1D424B5D9A300481B32 /* WipStore.swift */ = {isa = PBXFileReference; lastKnownFileType = sourcecode.swift; path = WipStore.swift; sourceTree = "<group>"; };
		790FADA7241909E300DC0C6D /* NoteStore.swift */ = {isa = PBXFileReference; lastKnownFileType = sourcecode.swift; path = NoteStore.swift; sourceTree = "<group>"; };
		79326CDB24B7745F0004290F /* ContactSelector.swift */ = {isa = PBXFileReference; lastKnownFileType = sourcecode.swift; path = ContactSelector.swift; sourceTree = "<group>"; };
		7934F76D24B8B72F00846111 /* FilteredList.swift */ = {isa = PBXFileReference; lastKnownFileType = sourcecode.swift; name = FilteredList.swift; path = "Dualogue/Views/Helper Views/FilteredList.swift"; sourceTree = SOURCE_ROOT; };
		794B477423D9E540008A65DC /* Dualogue.app */ = {isa = PBXFileReference; explicitFileType = wrapper.application; includeInIndex = 0; path = Dualogue.app; sourceTree = BUILT_PRODUCTS_DIR; };
		794B477723D9E540008A65DC /* AppDelegate.swift */ = {isa = PBXFileReference; lastKnownFileType = sourcecode.swift; path = AppDelegate.swift; sourceTree = "<group>"; };
		794B477923D9E540008A65DC /* SceneDelegate.swift */ = {isa = PBXFileReference; lastKnownFileType = sourcecode.swift; path = SceneDelegate.swift; sourceTree = "<group>"; };
		794B477C23D9E540008A65DC /* Dualogue.xcdatamodel */ = {isa = PBXFileReference; lastKnownFileType = wrapper.xcdatamodel; path = Dualogue.xcdatamodel; sourceTree = "<group>"; };
		794B478023D9E549008A65DC /* Assets.xcassets */ = {isa = PBXFileReference; lastKnownFileType = folder.assetcatalog; path = Assets.xcassets; sourceTree = "<group>"; };
		794B478323D9E549008A65DC /* Preview Assets.xcassets */ = {isa = PBXFileReference; lastKnownFileType = folder.assetcatalog; path = "Preview Assets.xcassets"; sourceTree = "<group>"; };
		794B478623D9E549008A65DC /* Base */ = {isa = PBXFileReference; lastKnownFileType = file.storyboard; name = Base; path = Base.lproj/LaunchScreen.storyboard; sourceTree = "<group>"; };
		794B478823D9E549008A65DC /* Info.plist */ = {isa = PBXFileReference; lastKnownFileType = text.plist.xml; path = Info.plist; sourceTree = "<group>"; };
		794B478D23D9E549008A65DC /* DualogueTests.xctest */ = {isa = PBXFileReference; explicitFileType = wrapper.cfbundle; includeInIndex = 0; path = DualogueTests.xctest; sourceTree = BUILT_PRODUCTS_DIR; };
		794B479123D9E549008A65DC /* DualogueTests.swift */ = {isa = PBXFileReference; lastKnownFileType = sourcecode.swift; path = DualogueTests.swift; sourceTree = "<group>"; };
		794B479323D9E549008A65DC /* Info.plist */ = {isa = PBXFileReference; lastKnownFileType = text.plist.xml; path = Info.plist; sourceTree = "<group>"; };
		794B479823D9E549008A65DC /* DualogueUITests.xctest */ = {isa = PBXFileReference; explicitFileType = wrapper.cfbundle; includeInIndex = 0; path = DualogueUITests.xctest; sourceTree = BUILT_PRODUCTS_DIR; };
		794B479C23D9E549008A65DC /* DualogueUITests.swift */ = {isa = PBXFileReference; lastKnownFileType = sourcecode.swift; path = DualogueUITests.swift; sourceTree = "<group>"; };
		794B479E23D9E549008A65DC /* Info.plist */ = {isa = PBXFileReference; lastKnownFileType = text.plist.xml; path = Info.plist; sourceTree = "<group>"; };
		7982ABD924ADF10E00A03AC1 /* SearchBar.swift */ = {isa = PBXFileReference; fileEncoding = 4; lastKnownFileType = sourcecode.swift; path = SearchBar.swift; sourceTree = "<group>"; };
		7982ABDA24ADF10E00A03AC1 /* AvatarView.swift */ = {isa = PBXFileReference; fileEncoding = 4; lastKnownFileType = sourcecode.swift; path = AvatarView.swift; sourceTree = "<group>"; };
		7982ABDB24ADF10E00A03AC1 /* ColorSchemes.swift */ = {isa = PBXFileReference; fileEncoding = 4; lastKnownFileType = sourcecode.swift; path = ColorSchemes.swift; sourceTree = "<group>"; };
		7982ABDD24ADF10E00A03AC1 /* ContactsView.swift */ = {isa = PBXFileReference; fileEncoding = 4; lastKnownFileType = sourcecode.swift; path = ContactsView.swift; sourceTree = "<group>"; };
		7982ABDE24ADF10E00A03AC1 /* ContactCard.swift */ = {isa = PBXFileReference; fileEncoding = 4; lastKnownFileType = sourcecode.swift; path = ContactCard.swift; sourceTree = "<group>"; };
		7982ABDF24ADF10E00A03AC1 /* NewContactView.swift */ = {isa = PBXFileReference; fileEncoding = 4; lastKnownFileType = sourcecode.swift; path = NewContactView.swift; sourceTree = "<group>"; };
		7982ABE124ADF10E00A03AC1 /* SingleContactTimeline.swift */ = {isa = PBXFileReference; fileEncoding = 4; lastKnownFileType = sourcecode.swift; path = SingleContactTimeline.swift; sourceTree = "<group>"; };
		7982ABE324ADF10E00A03AC1 /* SingleNoteView.swift */ = {isa = PBXFileReference; fileEncoding = 4; lastKnownFileType = sourcecode.swift; path = SingleNoteView.swift; sourceTree = "<group>"; };
		7982ABE524ADF10E00A03AC1 /* NoteHeader.swift */ = {isa = PBXFileReference; fileEncoding = 4; lastKnownFileType = sourcecode.swift; path = NoteHeader.swift; sourceTree = "<group>"; };
		7982ABE624ADF10E00A03AC1 /* NoteBodyText.swift */ = {isa = PBXFileReference; fileEncoding = 4; lastKnownFileType = sourcecode.swift; path = NoteBodyText.swift; sourceTree = "<group>"; };
		7982ABE724ADF10E00A03AC1 /* Loading.swift */ = {isa = PBXFileReference; fileEncoding = 4; lastKnownFileType = sourcecode.swift; path = Loading.swift; sourceTree = "<group>"; };
		7982ABE924ADF10E00A03AC1 /* NotelistView.swift */ = {isa = PBXFileReference; fileEncoding = 4; lastKnownFileType = sourcecode.swift; path = NotelistView.swift; sourceTree = "<group>"; };
		7982ABEA24ADF10E00A03AC1 /* NoteTimeline.swift */ = {isa = PBXFileReference; fileEncoding = 4; lastKnownFileType = sourcecode.swift; path = NoteTimeline.swift; sourceTree = "<group>"; };
		7982ABEB24ADF10E00A03AC1 /* FriendListScroll.swift */ = {isa = PBXFileReference; fileEncoding = 4; lastKnownFileType = sourcecode.swift; path = FriendListScroll.swift; sourceTree = "<group>"; };
		7982ABEC24ADF10E00A03AC1 /* TimelineItem.swift */ = {isa = PBXFileReference; fileEncoding = 4; lastKnownFileType = sourcecode.swift; path = TimelineItem.swift; sourceTree = "<group>"; };
		7982ABED24ADF10E00A03AC1 /* MainTab.swift */ = {isa = PBXFileReference; fileEncoding = 4; lastKnownFileType = sourcecode.swift; path = MainTab.swift; sourceTree = "<group>"; };
		7982ABEF24ADF10E00A03AC1 /* Date Extensions.swift */ = {isa = PBXFileReference; fileEncoding = 4; lastKnownFileType = sourcecode.swift; path = "Date Extensions.swift"; sourceTree = "<group>"; };
		79A0215B24AF6F0E005E2E73 /* Caroussel.swift */ = {isa = PBXFileReference; lastKnownFileType = sourcecode.swift; path = Caroussel.swift; sourceTree = "<group>"; };
		79A66FC024B72A58006A2BCC /* SearchStorage.swift */ = {isa = PBXFileReference; lastKnownFileType = sourcecode.swift; path = SearchStorage.swift; sourceTree = "<group>"; };
		79A66FC224B73884006A2BCC /* NewNoteViewModel.swift */ = {isa = PBXFileReference; lastKnownFileType = sourcecode.swift; path = NewNoteViewModel.swift; sourceTree = "<group>"; };
		79A66FC424B7444F006A2BCC /* ImagePicker.swift */ = {isa = PBXFileReference; lastKnownFileType = sourcecode.swift; path = ImagePicker.swift; sourceTree = "<group>"; };
		79C098C824AF3BC900B3894E /* ContactPicker.swift */ = {isa = PBXFileReference; lastKnownFileType = sourcecode.swift; path = ContactPicker.swift; sourceTree = "<group>"; };
		79DACAA024B4C22E004658CA /* AddImageView.swift */ = {isa = PBXFileReference; lastKnownFileType = sourcecode.swift; path = AddImageView.swift; sourceTree = "<group>"; };
		7B9CC9F205C0D4A53F0DF96C /* Pods-Dualogue-DualogueUITests.debug.xcconfig */ = {isa = PBXFileReference; includeInIndex = 1; lastKnownFileType = text.xcconfig; name = "Pods-Dualogue-DualogueUITests.debug.xcconfig"; path = "Target Support Files/Pods-Dualogue-DualogueUITests/Pods-Dualogue-DualogueUITests.debug.xcconfig"; sourceTree = "<group>"; };
		89CA4072D53558EC66316720 /* Pods_Dualogue_DualogueUITests.framework */ = {isa = PBXFileReference; explicitFileType = wrapper.framework; includeInIndex = 0; path = Pods_Dualogue_DualogueUITests.framework; sourceTree = BUILT_PRODUCTS_DIR; };
		93BA84700EC9509B624F8DC2 /* Pods-Dualogue-DualogueUITests.release.xcconfig */ = {isa = PBXFileReference; includeInIndex = 1; lastKnownFileType = text.xcconfig; name = "Pods-Dualogue-DualogueUITests.release.xcconfig"; path = "Target Support Files/Pods-Dualogue-DualogueUITests/Pods-Dualogue-DualogueUITests.release.xcconfig"; sourceTree = "<group>"; };
		A1DF55F17A18107AE7919730 /* Pods_DualogueTests.framework */ = {isa = PBXFileReference; explicitFileType = wrapper.framework; includeInIndex = 0; path = Pods_DualogueTests.framework; sourceTree = BUILT_PRODUCTS_DIR; };
		C6F1AF9987E59F7EB0F786CD /* Pods-Dualogue.debug.xcconfig */ = {isa = PBXFileReference; includeInIndex = 1; lastKnownFileType = text.xcconfig; name = "Pods-Dualogue.debug.xcconfig"; path = "Target Support Files/Pods-Dualogue/Pods-Dualogue.debug.xcconfig"; sourceTree = "<group>"; };
		D5676A04C0B1CB4A461073CC /* Pods-DualogueTests.release.xcconfig */ = {isa = PBXFileReference; includeInIndex = 1; lastKnownFileType = text.xcconfig; name = "Pods-DualogueTests.release.xcconfig"; path = "Target Support Files/Pods-DualogueTests/Pods-DualogueTests.release.xcconfig"; sourceTree = "<group>"; };
		EA3D905E67CCAD4256A497B3 /* Pods-Dualogue.release.xcconfig */ = {isa = PBXFileReference; includeInIndex = 1; lastKnownFileType = text.xcconfig; name = "Pods-Dualogue.release.xcconfig"; path = "Target Support Files/Pods-Dualogue/Pods-Dualogue.release.xcconfig"; sourceTree = "<group>"; };
/* End PBXFileReference section */

/* Begin PBXFrameworksBuildPhase section */
		794B477123D9E540008A65DC /* Frameworks */ = {
			isa = PBXFrameworksBuildPhase;
			buildActionMask = 2147483647;
			files = (
				FACAFD6761E71F045C77D298 /* Pods_Dualogue.framework in Frameworks */,
			);
			runOnlyForDeploymentPostprocessing = 0;
		};
		794B478A23D9E549008A65DC /* Frameworks */ = {
			isa = PBXFrameworksBuildPhase;
			buildActionMask = 2147483647;
			files = (
				9324515CF7F4F6376A0E7359 /* Pods_DualogueTests.framework in Frameworks */,
			);
			runOnlyForDeploymentPostprocessing = 0;
		};
		794B479523D9E549008A65DC /* Frameworks */ = {
			isa = PBXFrameworksBuildPhase;
			buildActionMask = 2147483647;
			files = (
				01061431FCCC5C21283E40E9 /* Pods_Dualogue_DualogueUITests.framework in Frameworks */,
			);
			runOnlyForDeploymentPostprocessing = 0;
		};
/* End PBXFrameworksBuildPhase section */

/* Begin PBXGroup section */
		3894F3806537D9B0ADD4B40D /* Pods */ = {
			isa = PBXGroup;
			children = (
				C6F1AF9987E59F7EB0F786CD /* Pods-Dualogue.debug.xcconfig */,
				EA3D905E67CCAD4256A497B3 /* Pods-Dualogue.release.xcconfig */,
				7B9CC9F205C0D4A53F0DF96C /* Pods-Dualogue-DualogueUITests.debug.xcconfig */,
				93BA84700EC9509B624F8DC2 /* Pods-Dualogue-DualogueUITests.release.xcconfig */,
				2838A9721254B7FD0D3CEB3E /* Pods-DualogueTests.debug.xcconfig */,
				D5676A04C0B1CB4A461073CC /* Pods-DualogueTests.release.xcconfig */,
			);
			path = Pods;
			sourceTree = "<group>";
		};
		7890ABE6FB82B35C37AF64DF /* Frameworks */ = {
			isa = PBXGroup;
			children = (
				3A089C414F00DC9A40B80145 /* Pods_Dualogue.framework */,
				89CA4072D53558EC66316720 /* Pods_Dualogue_DualogueUITests.framework */,
				A1DF55F17A18107AE7919730 /* Pods_DualogueTests.framework */,
			);
			name = Frameworks;
			sourceTree = "<group>";
		};
		794B476B23D9E540008A65DC = {
			isa = PBXGroup;
			children = (
				794B477623D9E540008A65DC /* Dualogue */,
				794B479023D9E549008A65DC /* DualogueTests */,
				794B479B23D9E549008A65DC /* DualogueUITests */,
				794B477523D9E540008A65DC /* Products */,
				3894F3806537D9B0ADD4B40D /* Pods */,
				7890ABE6FB82B35C37AF64DF /* Frameworks */,
			);
			sourceTree = "<group>";
		};
		794B477523D9E540008A65DC /* Products */ = {
			isa = PBXGroup;
			children = (
				794B477423D9E540008A65DC /* Dualogue.app */,
				794B478D23D9E549008A65DC /* DualogueTests.xctest */,
				794B479823D9E549008A65DC /* DualogueUITests.xctest */,
			);
			name = Products;
			sourceTree = "<group>";
		};
		794B477623D9E540008A65DC /* Dualogue */ = {
			isa = PBXGroup;
			children = (
				794B477723D9E540008A65DC /* AppDelegate.swift */,
				794B477923D9E540008A65DC /* SceneDelegate.swift */,
				7982ABD724ADF10E00A03AC1 /* Views */,
				79A66FBF24B7245F006A2BCC /* ViewModel */,
				7954AF2323E06E0B00BF1294 /* Model */,
				7982ABEE24ADF10E00A03AC1 /* Helper Extensions */,
				794B478023D9E549008A65DC /* Assets.xcassets */,
				794B478523D9E549008A65DC /* LaunchScreen.storyboard */,
				794B478823D9E549008A65DC /* Info.plist */,
				794B478223D9E549008A65DC /* Preview Content */,
			);
			path = Dualogue;
			sourceTree = "<group>";
		};
		794B478223D9E549008A65DC /* Preview Content */ = {
			isa = PBXGroup;
			children = (
				794B478323D9E549008A65DC /* Preview Assets.xcassets */,
			);
			path = "Preview Content";
			sourceTree = "<group>";
		};
		794B479023D9E549008A65DC /* DualogueTests */ = {
			isa = PBXGroup;
			children = (
				794B479123D9E549008A65DC /* DualogueTests.swift */,
				794B479323D9E549008A65DC /* Info.plist */,
			);
			path = DualogueTests;
			sourceTree = "<group>";
		};
		794B479B23D9E549008A65DC /* DualogueUITests */ = {
			isa = PBXGroup;
			children = (
				794B479C23D9E549008A65DC /* DualogueUITests.swift */,
				794B479E23D9E549008A65DC /* Info.plist */,
			);
			path = DualogueUITests;
			sourceTree = "<group>";
		};
		7954AF2323E06E0B00BF1294 /* Model */ = {
			isa = PBXGroup;
			children = (
				790CB1D424B5D9A300481B32 /* WipStore.swift */,
				790FADA7241909E300DC0C6D /* NoteStore.swift */,
				79A66FC024B72A58006A2BCC /* SearchStorage.swift */,
				794B477B23D9E540008A65DC /* Dualogue.xcdatamodeld */,
			);
			path = Model;
			sourceTree = "<group>";
		};
		7982ABD724ADF10E00A03AC1 /* Views */ = {
			isa = PBXGroup;
			children = (
				7982ABED24ADF10E00A03AC1 /* MainTab.swift */,
				7982ABE824ADF10E00A03AC1 /* Maintimelines */,
				7982ABE224ADF10E00A03AC1 /* Single Note */,
				7982ABDC24ADF10E00A03AC1 /* Contacts */,
				7982ABD824ADF10E00A03AC1 /* Helper Views */,
				7982ABE724ADF10E00A03AC1 /* Loading.swift */,
			);
			path = Views;
			sourceTree = "<group>";
		};
		7982ABD824ADF10E00A03AC1 /* Helper Views */ = {
			isa = PBXGroup;
			children = (
				7934F76D24B8B72F00846111 /* FilteredList.swift */,
				7982ABEC24ADF10E00A03AC1 /* TimelineItem.swift */,
				79C098C824AF3BC900B3894E /* ContactPicker.swift */,
				7982ABD924ADF10E00A03AC1 /* SearchBar.swift */,
				7982ABDA24ADF10E00A03AC1 /* AvatarView.swift */,
				7982ABDB24ADF10E00A03AC1 /* ColorSchemes.swift */,
				79A0215B24AF6F0E005E2E73 /* Caroussel.swift */,
				79A66FC424B7444F006A2BCC /* ImagePicker.swift */,
			);
			path = "Helper Views";
			sourceTree = "<group>";
		};
		7982ABDC24ADF10E00A03AC1 /* Contacts */ = {
			isa = PBXGroup;
			children = (
				7982ABDD24ADF10E00A03AC1 /* ContactsView.swift */,
				7982ABDE24ADF10E00A03AC1 /* ContactCard.swift */,
				7982ABDF24ADF10E00A03AC1 /* NewContactView.swift */,
				7982ABE124ADF10E00A03AC1 /* SingleContactTimeline.swift */,
			);
			path = Contacts;
			sourceTree = "<group>";
		};
		7982ABE224ADF10E00A03AC1 /* Single Note */ = {
			isa = PBXGroup;
			children = (
				7982ABE324ADF10E00A03AC1 /* SingleNoteView.swift */,
				7982ABE524ADF10E00A03AC1 /* NoteHeader.swift */,
				7982ABE624ADF10E00A03AC1 /* NoteBodyText.swift */,
				79DACAA024B4C22E004658CA /* AddImageView.swift */,
			);
			path = "Single Note";
			sourceTree = "<group>";
		};
		7982ABE824ADF10E00A03AC1 /* Maintimelines */ = {
			isa = PBXGroup;
			children = (
				7982ABE924ADF10E00A03AC1 /* NotelistView.swift */,
				7982ABEA24ADF10E00A03AC1 /* NoteTimeline.swift */,
				7982ABEB24ADF10E00A03AC1 /* FriendListScroll.swift */,
			);
			path = Maintimelines;
			sourceTree = "<group>";
		};
		7982ABEE24ADF10E00A03AC1 /* Helper Extensions */ = {
			isa = PBXGroup;
			children = (
				7982ABEF24ADF10E00A03AC1 /* Date Extensions.swift */,
				790CB1D224B5D8F500481B32 /* UIImage.swift */,
			);
			path = "Helper Extensions";
			sourceTree = "<group>";
		};
		79A66FBF24B7245F006A2BCC /* ViewModel */ = {
			isa = PBXGroup;
			children = (
				79A66FC224B73884006A2BCC /* NewNoteViewModel.swift */,
				79326CDB24B7745F0004290F /* ContactSelector.swift */,
			);
			path = ViewModel;
			sourceTree = "<group>";
		};
/* End PBXGroup section */

/* Begin PBXNativeTarget section */
		794B477323D9E540008A65DC /* Dualogue */ = {
			isa = PBXNativeTarget;
			buildConfigurationList = 794B47A123D9E549008A65DC /* Build configuration list for PBXNativeTarget "Dualogue" */;
			buildPhases = (
				D30447EDE6A688D07FD1FB3C /* [CP] Check Pods Manifest.lock */,
				794B477023D9E540008A65DC /* Sources */,
				794B477123D9E540008A65DC /* Frameworks */,
				794B477223D9E540008A65DC /* Resources */,
				791AA0B524B8719000F1B64F /* ShellScript */,
			);
			buildRules = (
			);
			dependencies = (
			);
			name = Dualogue;
			productName = Dualogue;
			productReference = 794B477423D9E540008A65DC /* Dualogue.app */;
			productType = "com.apple.product-type.application";
		};
		794B478C23D9E549008A65DC /* DualogueTests */ = {
			isa = PBXNativeTarget;
			buildConfigurationList = 794B47A423D9E549008A65DC /* Build configuration list for PBXNativeTarget "DualogueTests" */;
			buildPhases = (
				6A52741AEF217863F695584F /* [CP] Check Pods Manifest.lock */,
				794B478923D9E549008A65DC /* Sources */,
				794B478A23D9E549008A65DC /* Frameworks */,
				794B478B23D9E549008A65DC /* Resources */,
			);
			buildRules = (
			);
			dependencies = (
				794B478F23D9E549008A65DC /* PBXTargetDependency */,
			);
			name = DualogueTests;
			productName = DualogueTests;
			productReference = 794B478D23D9E549008A65DC /* DualogueTests.xctest */;
			productType = "com.apple.product-type.bundle.unit-test";
		};
		794B479723D9E549008A65DC /* DualogueUITests */ = {
			isa = PBXNativeTarget;
			buildConfigurationList = 794B47A723D9E549008A65DC /* Build configuration list for PBXNativeTarget "DualogueUITests" */;
			buildPhases = (
				E3A1FF68367C3155DFC9266F /* [CP] Check Pods Manifest.lock */,
				794B479423D9E549008A65DC /* Sources */,
				794B479523D9E549008A65DC /* Frameworks */,
				794B479623D9E549008A65DC /* Resources */,
			);
			buildRules = (
			);
			dependencies = (
				794B479A23D9E549008A65DC /* PBXTargetDependency */,
			);
			name = DualogueUITests;
			productName = DualogueUITests;
			productReference = 794B479823D9E549008A65DC /* DualogueUITests.xctest */;
			productType = "com.apple.product-type.bundle.ui-testing";
		};
/* End PBXNativeTarget section */

/* Begin PBXProject section */
		794B476C23D9E540008A65DC /* Project object */ = {
			isa = PBXProject;
			attributes = {
				LastSwiftUpdateCheck = 1130;
				LastUpgradeCheck = 1200;
				ORGANIZATIONNAME = "Garagem Infinita";
				TargetAttributes = {
					794B477323D9E540008A65DC = {
						CreatedOnToolsVersion = 11.3.1;
					};
					794B478C23D9E549008A65DC = {
						CreatedOnToolsVersion = 11.3.1;
						TestTargetID = 794B477323D9E540008A65DC;
					};
					794B479723D9E549008A65DC = {
						CreatedOnToolsVersion = 11.3.1;
						TestTargetID = 794B477323D9E540008A65DC;
					};
				};
			};
			buildConfigurationList = 794B476F23D9E540008A65DC /* Build configuration list for PBXProject "Dualogue" */;
			compatibilityVersion = "Xcode 9.3";
			developmentRegion = en;
			hasScannedForEncodings = 0;
			knownRegions = (
				en,
				Base,
			);
			mainGroup = 794B476B23D9E540008A65DC;
			productRefGroup = 794B477523D9E540008A65DC /* Products */;
			projectDirPath = "";
			projectRoot = "";
			targets = (
				794B477323D9E540008A65DC /* Dualogue */,
				794B478C23D9E549008A65DC /* DualogueTests */,
				794B479723D9E549008A65DC /* DualogueUITests */,
			);
		};
/* End PBXProject section */

/* Begin PBXResourcesBuildPhase section */
		794B477223D9E540008A65DC /* Resources */ = {
			isa = PBXResourcesBuildPhase;
			buildActionMask = 2147483647;
			files = (
				794B478723D9E549008A65DC /* LaunchScreen.storyboard in Resources */,
				794B478423D9E549008A65DC /* Preview Assets.xcassets in Resources */,
				794B478123D9E549008A65DC /* Assets.xcassets in Resources */,
			);
			runOnlyForDeploymentPostprocessing = 0;
		};
		794B478B23D9E549008A65DC /* Resources */ = {
			isa = PBXResourcesBuildPhase;
			buildActionMask = 2147483647;
			files = (
			);
			runOnlyForDeploymentPostprocessing = 0;
		};
		794B479623D9E549008A65DC /* Resources */ = {
			isa = PBXResourcesBuildPhase;
			buildActionMask = 2147483647;
			files = (
			);
			runOnlyForDeploymentPostprocessing = 0;
		};
/* End PBXResourcesBuildPhase section */

/* Begin PBXShellScriptBuildPhase section */
		6A52741AEF217863F695584F /* [CP] Check Pods Manifest.lock */ = {
			isa = PBXShellScriptBuildPhase;
			buildActionMask = 2147483647;
			files = (
			);
			inputFileListPaths = (
			);
			inputPaths = (
				"${PODS_PODFILE_DIR_PATH}/Podfile.lock",
				"${PODS_ROOT}/Manifest.lock",
			);
			name = "[CP] Check Pods Manifest.lock";
			outputFileListPaths = (
			);
			outputPaths = (
				"$(DERIVED_FILE_DIR)/Pods-DualogueTests-checkManifestLockResult.txt",
			);
			runOnlyForDeploymentPostprocessing = 0;
			shellPath = /bin/sh;
			shellScript = "diff \"${PODS_PODFILE_DIR_PATH}/Podfile.lock\" \"${PODS_ROOT}/Manifest.lock\" > /dev/null\nif [ $? != 0 ] ; then\n    # print error to STDERR\n    echo \"error: The sandbox is not in sync with the Podfile.lock. Run 'pod install' or update your CocoaPods installation.\" >&2\n    exit 1\nfi\n# This output is used by Xcode 'outputs' to avoid re-running this script phase.\necho \"SUCCESS\" > \"${SCRIPT_OUTPUT_FILE_0}\"\n";
			showEnvVarsInLog = 0;
		};
		791AA0B524B8719000F1B64F /* ShellScript */ = {
			isa = PBXShellScriptBuildPhase;
			buildActionMask = 2147483647;
			files = (
			);
			inputFileListPaths = (
			);
			inputPaths = (
			);
			outputFileListPaths = (
			);
			outputPaths = (
			);
			runOnlyForDeploymentPostprocessing = 0;
			shellPath = /bin/sh;
			shellScript = "\"${PODS_ROOT}/SwiftLint/swiftlint\"\n";
		};
		D30447EDE6A688D07FD1FB3C /* [CP] Check Pods Manifest.lock */ = {
			isa = PBXShellScriptBuildPhase;
			buildActionMask = 2147483647;
			files = (
			);
			inputFileListPaths = (
			);
			inputPaths = (
				"${PODS_PODFILE_DIR_PATH}/Podfile.lock",
				"${PODS_ROOT}/Manifest.lock",
			);
			name = "[CP] Check Pods Manifest.lock";
			outputFileListPaths = (
			);
			outputPaths = (
				"$(DERIVED_FILE_DIR)/Pods-Dualogue-checkManifestLockResult.txt",
			);
			runOnlyForDeploymentPostprocessing = 0;
			shellPath = /bin/sh;
			shellScript = "diff \"${PODS_PODFILE_DIR_PATH}/Podfile.lock\" \"${PODS_ROOT}/Manifest.lock\" > /dev/null\nif [ $? != 0 ] ; then\n    # print error to STDERR\n    echo \"error: The sandbox is not in sync with the Podfile.lock. Run 'pod install' or update your CocoaPods installation.\" >&2\n    exit 1\nfi\n# This output is used by Xcode 'outputs' to avoid re-running this script phase.\necho \"SUCCESS\" > \"${SCRIPT_OUTPUT_FILE_0}\"\n";
			showEnvVarsInLog = 0;
		};
		E3A1FF68367C3155DFC9266F /* [CP] Check Pods Manifest.lock */ = {
			isa = PBXShellScriptBuildPhase;
			buildActionMask = 2147483647;
			files = (
			);
			inputFileListPaths = (
			);
			inputPaths = (
				"${PODS_PODFILE_DIR_PATH}/Podfile.lock",
				"${PODS_ROOT}/Manifest.lock",
			);
			name = "[CP] Check Pods Manifest.lock";
			outputFileListPaths = (
			);
			outputPaths = (
				"$(DERIVED_FILE_DIR)/Pods-Dualogue-DualogueUITests-checkManifestLockResult.txt",
			);
			runOnlyForDeploymentPostprocessing = 0;
			shellPath = /bin/sh;
			shellScript = "diff \"${PODS_PODFILE_DIR_PATH}/Podfile.lock\" \"${PODS_ROOT}/Manifest.lock\" > /dev/null\nif [ $? != 0 ] ; then\n    # print error to STDERR\n    echo \"error: The sandbox is not in sync with the Podfile.lock. Run 'pod install' or update your CocoaPods installation.\" >&2\n    exit 1\nfi\n# This output is used by Xcode 'outputs' to avoid re-running this script phase.\necho \"SUCCESS\" > \"${SCRIPT_OUTPUT_FILE_0}\"\n";
			showEnvVarsInLog = 0;
		};
/* End PBXShellScriptBuildPhase section */

/* Begin PBXSourcesBuildPhase section */
		794B477023D9E540008A65DC /* Sources */ = {
			isa = PBXSourcesBuildPhase;
			buildActionMask = 2147483647;
			files = (
				7982ABF924ADF10E00A03AC1 /* SingleNoteView.swift in Sources */,
				794B477823D9E540008A65DC /* AppDelegate.swift in Sources */,
				79DACAA124B4C22E004658CA /* AddImageView.swift in Sources */,
				79A0215C24AF6F0E005E2E73 /* Caroussel.swift in Sources */,
				7982ABF224ADF10E00A03AC1 /* AvatarView.swift in Sources */,
				79326CDC24B7745F0004290F /* ContactSelector.swift in Sources */,
				790CB1D324B5D8F500481B32 /* UIImage.swift in Sources */,
				7982AC0324ADF10E00A03AC1 /* Date Extensions.swift in Sources */,
				790FADA8241909E300DC0C6D /* NoteStore.swift in Sources */,
				7982ABF324ADF10E00A03AC1 /* ColorSchemes.swift in Sources */,
				79A66FC124B72A58006A2BCC /* SearchStorage.swift in Sources */,
				7982ABF624ADF10E00A03AC1 /* NewContactView.swift in Sources */,
				7982AC0124ADF10E00A03AC1 /* TimelineItem.swift in Sources */,
				7982ABF824ADF10E00A03AC1 /* SingleContactTimeline.swift in Sources */,
				7982AC0224ADF10E00A03AC1 /* MainTab.swift in Sources */,
				7982AC0024ADF10E00A03AC1 /* FriendListScroll.swift in Sources */,
				7982ABFF24ADF10E00A03AC1 /* NoteTimeline.swift in Sources */,
				7982ABFD24ADF10E00A03AC1 /* Loading.swift in Sources */,
				7982ABFE24ADF10E00A03AC1 /* NotelistView.swift in Sources */,
				79C098C924AF3BC900B3894E /* ContactPicker.swift in Sources */,
				790CB1D524B5D9A300481B32 /* WipStore.swift in Sources */,
				7934F76E24B8B72F00846111 /* FilteredList.swift in Sources */,
				7982ABFC24ADF10E00A03AC1 /* NoteBodyText.swift in Sources */,
				7982ABFB24ADF10E00A03AC1 /* NoteHeader.swift in Sources */,
				794B477A23D9E540008A65DC /* SceneDelegate.swift in Sources */,
				7982ABF524ADF10E00A03AC1 /* ContactCard.swift in Sources */,
				7982ABF424ADF10E00A03AC1 /* ContactsView.swift in Sources */,
				794B477D23D9E540008A65DC /* Dualogue.xcdatamodeld in Sources */,
				79A66FC524B7444F006A2BCC /* ImagePicker.swift in Sources */,
				79A66FC324B73885006A2BCC /* NewNoteViewModel.swift in Sources */,
				7982ABF124ADF10E00A03AC1 /* SearchBar.swift in Sources */,
			);
			runOnlyForDeploymentPostprocessing = 0;
		};
		794B478923D9E549008A65DC /* Sources */ = {
			isa = PBXSourcesBuildPhase;
			buildActionMask = 2147483647;
			files = (
				794B479223D9E549008A65DC /* DualogueTests.swift in Sources */,
			);
			runOnlyForDeploymentPostprocessing = 0;
		};
		794B479423D9E549008A65DC /* Sources */ = {
			isa = PBXSourcesBuildPhase;
			buildActionMask = 2147483647;
			files = (
				794B479D23D9E549008A65DC /* DualogueUITests.swift in Sources */,
			);
			runOnlyForDeploymentPostprocessing = 0;
		};
/* End PBXSourcesBuildPhase section */

/* Begin PBXTargetDependency section */
		794B478F23D9E549008A65DC /* PBXTargetDependency */ = {
			isa = PBXTargetDependency;
			target = 794B477323D9E540008A65DC /* Dualogue */;
			targetProxy = 794B478E23D9E549008A65DC /* PBXContainerItemProxy */;
		};
		794B479A23D9E549008A65DC /* PBXTargetDependency */ = {
			isa = PBXTargetDependency;
			target = 794B477323D9E540008A65DC /* Dualogue */;
			targetProxy = 794B479923D9E549008A65DC /* PBXContainerItemProxy */;
		};
/* End PBXTargetDependency section */

/* Begin PBXVariantGroup section */
		794B478523D9E549008A65DC /* LaunchScreen.storyboard */ = {
			isa = PBXVariantGroup;
			children = (
				794B478623D9E549008A65DC /* Base */,
			);
			name = LaunchScreen.storyboard;
			sourceTree = "<group>";
		};
/* End PBXVariantGroup section */

/* Begin XCBuildConfiguration section */
		794B479F23D9E549008A65DC /* Debug */ = {
			isa = XCBuildConfiguration;
			buildSettings = {
				ALWAYS_SEARCH_USER_PATHS = NO;
				CLANG_ANALYZER_NONNULL = YES;
				CLANG_ANALYZER_NUMBER_OBJECT_CONVERSION = YES_AGGRESSIVE;
				CLANG_CXX_LANGUAGE_STANDARD = "gnu++14";
				CLANG_CXX_LIBRARY = "libc++";
				CLANG_ENABLE_MODULES = YES;
				CLANG_ENABLE_OBJC_ARC = YES;
				CLANG_ENABLE_OBJC_WEAK = YES;
				CLANG_WARN_BLOCK_CAPTURE_AUTORELEASING = YES;
				CLANG_WARN_BOOL_CONVERSION = YES;
				CLANG_WARN_COMMA = YES;
				CLANG_WARN_CONSTANT_CONVERSION = YES;
				CLANG_WARN_DEPRECATED_OBJC_IMPLEMENTATIONS = YES;
				CLANG_WARN_DIRECT_OBJC_ISA_USAGE = YES_ERROR;
				CLANG_WARN_DOCUMENTATION_COMMENTS = YES;
				CLANG_WARN_EMPTY_BODY = YES;
				CLANG_WARN_ENUM_CONVERSION = YES;
				CLANG_WARN_INFINITE_RECURSION = YES;
				CLANG_WARN_INT_CONVERSION = YES;
				CLANG_WARN_NON_LITERAL_NULL_CONVERSION = YES;
				CLANG_WARN_OBJC_IMPLICIT_RETAIN_SELF = YES;
				CLANG_WARN_OBJC_LITERAL_CONVERSION = YES;
				CLANG_WARN_OBJC_ROOT_CLASS = YES_ERROR;
				CLANG_WARN_QUOTED_INCLUDE_IN_FRAMEWORK_HEADER = YES;
				CLANG_WARN_RANGE_LOOP_ANALYSIS = YES;
				CLANG_WARN_STRICT_PROTOTYPES = YES;
				CLANG_WARN_SUSPICIOUS_MOVE = YES;
				CLANG_WARN_UNGUARDED_AVAILABILITY = YES_AGGRESSIVE;
				CLANG_WARN_UNREACHABLE_CODE = YES;
				CLANG_WARN__DUPLICATE_METHOD_MATCH = YES;
				COPY_PHASE_STRIP = NO;
				DEBUG_INFORMATION_FORMAT = dwarf;
				ENABLE_STRICT_OBJC_MSGSEND = YES;
				ENABLE_TESTABILITY = YES;
				GCC_C_LANGUAGE_STANDARD = gnu11;
				GCC_DYNAMIC_NO_PIC = NO;
				GCC_NO_COMMON_BLOCKS = YES;
				GCC_OPTIMIZATION_LEVEL = 0;
				GCC_PREPROCESSOR_DEFINITIONS = (
					"DEBUG=1",
					"$(inherited)",
				);
				GCC_WARN_64_TO_32_BIT_CONVERSION = YES;
				GCC_WARN_ABOUT_RETURN_TYPE = YES_ERROR;
				GCC_WARN_UNDECLARED_SELECTOR = YES;
				GCC_WARN_UNINITIALIZED_AUTOS = YES_AGGRESSIVE;
				GCC_WARN_UNUSED_FUNCTION = YES;
				GCC_WARN_UNUSED_VARIABLE = YES;
				IPHONEOS_DEPLOYMENT_TARGET = 14.0;
				MTL_ENABLE_DEBUG_INFO = INCLUDE_SOURCE;
				MTL_FAST_MATH = YES;
				ONLY_ACTIVE_ARCH = YES;
				SDKROOT = iphoneos;
				SWIFT_ACTIVE_COMPILATION_CONDITIONS = DEBUG;
				SWIFT_OPTIMIZATION_LEVEL = "-Onone";
			};
			name = Debug;
		};
		794B47A023D9E549008A65DC /* Release */ = {
			isa = XCBuildConfiguration;
			buildSettings = {
				ALWAYS_SEARCH_USER_PATHS = NO;
				CLANG_ANALYZER_NONNULL = YES;
				CLANG_ANALYZER_NUMBER_OBJECT_CONVERSION = YES_AGGRESSIVE;
				CLANG_CXX_LANGUAGE_STANDARD = "gnu++14";
				CLANG_CXX_LIBRARY = "libc++";
				CLANG_ENABLE_MODULES = YES;
				CLANG_ENABLE_OBJC_ARC = YES;
				CLANG_ENABLE_OBJC_WEAK = YES;
				CLANG_WARN_BLOCK_CAPTURE_AUTORELEASING = YES;
				CLANG_WARN_BOOL_CONVERSION = YES;
				CLANG_WARN_COMMA = YES;
				CLANG_WARN_CONSTANT_CONVERSION = YES;
				CLANG_WARN_DEPRECATED_OBJC_IMPLEMENTATIONS = YES;
				CLANG_WARN_DIRECT_OBJC_ISA_USAGE = YES_ERROR;
				CLANG_WARN_DOCUMENTATION_COMMENTS = YES;
				CLANG_WARN_EMPTY_BODY = YES;
				CLANG_WARN_ENUM_CONVERSION = YES;
				CLANG_WARN_INFINITE_RECURSION = YES;
				CLANG_WARN_INT_CONVERSION = YES;
				CLANG_WARN_NON_LITERAL_NULL_CONVERSION = YES;
				CLANG_WARN_OBJC_IMPLICIT_RETAIN_SELF = YES;
				CLANG_WARN_OBJC_LITERAL_CONVERSION = YES;
				CLANG_WARN_OBJC_ROOT_CLASS = YES_ERROR;
				CLANG_WARN_QUOTED_INCLUDE_IN_FRAMEWORK_HEADER = YES;
				CLANG_WARN_RANGE_LOOP_ANALYSIS = YES;
				CLANG_WARN_STRICT_PROTOTYPES = YES;
				CLANG_WARN_SUSPICIOUS_MOVE = YES;
				CLANG_WARN_UNGUARDED_AVAILABILITY = YES_AGGRESSIVE;
				CLANG_WARN_UNREACHABLE_CODE = YES;
				CLANG_WARN__DUPLICATE_METHOD_MATCH = YES;
				COPY_PHASE_STRIP = NO;
				DEBUG_INFORMATION_FORMAT = "dwarf-with-dsym";
				ENABLE_NS_ASSERTIONS = NO;
				ENABLE_STRICT_OBJC_MSGSEND = YES;
				GCC_C_LANGUAGE_STANDARD = gnu11;
				GCC_NO_COMMON_BLOCKS = YES;
				GCC_WARN_64_TO_32_BIT_CONVERSION = YES;
				GCC_WARN_ABOUT_RETURN_TYPE = YES_ERROR;
				GCC_WARN_UNDECLARED_SELECTOR = YES;
				GCC_WARN_UNINITIALIZED_AUTOS = YES_AGGRESSIVE;
				GCC_WARN_UNUSED_FUNCTION = YES;
				GCC_WARN_UNUSED_VARIABLE = YES;
				IPHONEOS_DEPLOYMENT_TARGET = 14.0;
				MTL_ENABLE_DEBUG_INFO = NO;
				MTL_FAST_MATH = YES;
				SDKROOT = iphoneos;
				SWIFT_COMPILATION_MODE = wholemodule;
				SWIFT_OPTIMIZATION_LEVEL = "-O";
				VALIDATE_PRODUCT = YES;
			};
			name = Release;
		};
		794B47A223D9E549008A65DC /* Debug */ = {
			isa = XCBuildConfiguration;
			baseConfigurationReference = C6F1AF9987E59F7EB0F786CD /* Pods-Dualogue.debug.xcconfig */;
			buildSettings = {
				ASSETCATALOG_COMPILER_APPICON_NAME = AppIcon;
				CODE_SIGN_STYLE = Automatic;
				DEVELOPMENT_ASSET_PATHS = "\"Dualogue/Preview Content\"";
				DEVELOPMENT_TEAM = L2BC5TCSR5;
				ENABLE_PREVIEWS = YES;
				INFOPLIST_FILE = Dualogue/Info.plist;
				IPHONEOS_DEPLOYMENT_TARGET = 14.0;
				LD_RUNPATH_SEARCH_PATHS = (
					"$(inherited)",
					"@executable_path/Frameworks",
				);
				PRODUCT_BUNDLE_IDENTIFIER = com.garageminfinita.Dualogue2;
				PRODUCT_NAME = "$(TARGET_NAME)";
				SWIFT_VERSION = 5.0;
				TARGETED_DEVICE_FAMILY = "1,2";
			};
			name = Debug;
		};
		794B47A323D9E549008A65DC /* Release */ = {
			isa = XCBuildConfiguration;
			baseConfigurationReference = EA3D905E67CCAD4256A497B3 /* Pods-Dualogue.release.xcconfig */;
			buildSettings = {
				ASSETCATALOG_COMPILER_APPICON_NAME = AppIcon;
				CODE_SIGN_STYLE = Automatic;
				DEVELOPMENT_ASSET_PATHS = "\"Dualogue/Preview Content\"";
				DEVELOPMENT_TEAM = L2BC5TCSR5;
				ENABLE_PREVIEWS = YES;
				INFOPLIST_FILE = Dualogue/Info.plist;
				IPHONEOS_DEPLOYMENT_TARGET = 14.0;
				LD_RUNPATH_SEARCH_PATHS = (
					"$(inherited)",
					"@executable_path/Frameworks",
				);
				PRODUCT_BUNDLE_IDENTIFIER = com.garageminfinita.Dualogue2;
				PRODUCT_NAME = "$(TARGET_NAME)";
				SWIFT_VERSION = 5.0;
				TARGETED_DEVICE_FAMILY = "1,2";
			};
			name = Release;
		};
		794B47A523D9E549008A65DC /* Debug */ = {
			isa = XCBuildConfiguration;
			baseConfigurationReference = 2838A9721254B7FD0D3CEB3E /* Pods-DualogueTests.debug.xcconfig */;
			buildSettings = {
				ALWAYS_EMBED_SWIFT_STANDARD_LIBRARIES = YES;
				BUNDLE_LOADER = "$(TEST_HOST)";
				CODE_SIGN_STYLE = Automatic;
				DEVELOPMENT_TEAM = L2BC5TCSR5;
				INFOPLIST_FILE = DualogueTests/Info.plist;
				IPHONEOS_DEPLOYMENT_TARGET = 14.0;
				LD_RUNPATH_SEARCH_PATHS = (
					"$(inherited)",
					"@executable_path/Frameworks",
					"@loader_path/Frameworks",
				);
				PRODUCT_BUNDLE_IDENTIFIER = com.garageminfinita.DualogueTests;
				PRODUCT_NAME = "$(TARGET_NAME)";
				SWIFT_VERSION = 5.0;
				TARGETED_DEVICE_FAMILY = "1,2";
				TEST_HOST = "$(BUILT_PRODUCTS_DIR)/Dualogue.app/Dualogue";
			};
			name = Debug;
		};
		794B47A623D9E549008A65DC /* Release */ = {
			isa = XCBuildConfiguration;
			baseConfigurationReference = D5676A04C0B1CB4A461073CC /* Pods-DualogueTests.release.xcconfig */;
			buildSettings = {
				ALWAYS_EMBED_SWIFT_STANDARD_LIBRARIES = YES;
				BUNDLE_LOADER = "$(TEST_HOST)";
				CODE_SIGN_STYLE = Automatic;
				DEVELOPMENT_TEAM = L2BC5TCSR5;
				INFOPLIST_FILE = DualogueTests/Info.plist;
				IPHONEOS_DEPLOYMENT_TARGET = 14.0;
				LD_RUNPATH_SEARCH_PATHS = (
					"$(inherited)",
					"@executable_path/Frameworks",
					"@loader_path/Frameworks",
				);
				PRODUCT_BUNDLE_IDENTIFIER = com.garageminfinita.DualogueTests;
				PRODUCT_NAME = "$(TARGET_NAME)";
				SWIFT_VERSION = 5.0;
				TARGETED_DEVICE_FAMILY = "1,2";
				TEST_HOST = "$(BUILT_PRODUCTS_DIR)/Dualogue.app/Dualogue";
			};
			name = Release;
		};
		794B47A823D9E549008A65DC /* Debug */ = {
			isa = XCBuildConfiguration;
			baseConfigurationReference = 7B9CC9F205C0D4A53F0DF96C /* Pods-Dualogue-DualogueUITests.debug.xcconfig */;
			buildSettings = {
				ALWAYS_EMBED_SWIFT_STANDARD_LIBRARIES = YES;
				CODE_SIGN_STYLE = Automatic;
				DEVELOPMENT_TEAM = L2BC5TCSR5;
				INFOPLIST_FILE = DualogueUITests/Info.plist;
				LD_RUNPATH_SEARCH_PATHS = (
					"$(inherited)",
					"@executable_path/Frameworks",
					"@loader_path/Frameworks",
				);
				PRODUCT_BUNDLE_IDENTIFIER = com.garageminfinita.DualogueUITests;
				PRODUCT_NAME = "$(TARGET_NAME)";
				SWIFT_VERSION = 5.0;
				TARGETED_DEVICE_FAMILY = "1,2";
				TEST_TARGET_NAME = Dualogue;
			};
			name = Debug;
		};
		794B47A923D9E549008A65DC /* Release */ = {
			isa = XCBuildConfiguration;
			baseConfigurationReference = 93BA84700EC9509B624F8DC2 /* Pods-Dualogue-DualogueUITests.release.xcconfig */;
			buildSettings = {
				ALWAYS_EMBED_SWIFT_STANDARD_LIBRARIES = YES;
				CODE_SIGN_STYLE = Automatic;
				DEVELOPMENT_TEAM = L2BC5TCSR5;
				INFOPLIST_FILE = DualogueUITests/Info.plist;
				LD_RUNPATH_SEARCH_PATHS = (
					"$(inherited)",
					"@executable_path/Frameworks",
					"@loader_path/Frameworks",
				);
				PRODUCT_BUNDLE_IDENTIFIER = com.garageminfinita.DualogueUITests;
				PRODUCT_NAME = "$(TARGET_NAME)";
				SWIFT_VERSION = 5.0;
				TARGETED_DEVICE_FAMILY = "1,2";
				TEST_TARGET_NAME = Dualogue;
			};
			name = Release;
		};
/* End XCBuildConfiguration section */

/* Begin XCConfigurationList section */
		794B476F23D9E540008A65DC /* Build configuration list for PBXProject "Dualogue" */ = {
			isa = XCConfigurationList;
			buildConfigurations = (
				794B479F23D9E549008A65DC /* Debug */,
				794B47A023D9E549008A65DC /* Release */,
			);
			defaultConfigurationIsVisible = 0;
			defaultConfigurationName = Release;
		};
		794B47A123D9E549008A65DC /* Build configuration list for PBXNativeTarget "Dualogue" */ = {
			isa = XCConfigurationList;
			buildConfigurations = (
				794B47A223D9E549008A65DC /* Debug */,
				794B47A323D9E549008A65DC /* Release */,
			);
			defaultConfigurationIsVisible = 0;
			defaultConfigurationName = Release;
		};
		794B47A423D9E549008A65DC /* Build configuration list for PBXNativeTarget "DualogueTests" */ = {
			isa = XCConfigurationList;
			buildConfigurations = (
				794B47A523D9E549008A65DC /* Debug */,
				794B47A623D9E549008A65DC /* Release */,
			);
			defaultConfigurationIsVisible = 0;
			defaultConfigurationName = Release;
		};
		794B47A723D9E549008A65DC /* Build configuration list for PBXNativeTarget "DualogueUITests" */ = {
			isa = XCConfigurationList;
			buildConfigurations = (
				794B47A823D9E549008A65DC /* Debug */,
				794B47A923D9E549008A65DC /* Release */,
			);
			defaultConfigurationIsVisible = 0;
			defaultConfigurationName = Release;
		};
/* End XCConfigurationList section */

/* Begin XCVersionGroup section */
		794B477B23D9E540008A65DC /* Dualogue.xcdatamodeld */ = {
			isa = XCVersionGroup;
			children = (
				794B477C23D9E540008A65DC /* Dualogue.xcdatamodel */,
			);
			currentVersion = 794B477C23D9E540008A65DC /* Dualogue.xcdatamodel */;
			path = Dualogue.xcdatamodeld;
			sourceTree = "<group>";
			versionGroupType = wrapper.xcdatamodel;
		};
/* End XCVersionGroup section */
	};
	rootObject = 794B476C23D9E540008A65DC /* Project object */;
}
